
Microsoft Visual Studio Solution File, Format Version 12.00
# Visual Studio Version 17
VisualStudioVersion = 17.2.32616.157
MinimumVisualStudioVersion = 10.0.40219.1
Project("{FAE04EC0-301F-11D3-BF4B-00C04F79EFBC}") = "CodingSample", "CodingSample\CodingSample.csproj", "{05228E15-F1D8-4C9B-B530-17CF41955CAC}"
EndProject
Global
	GlobalSection(SolutionConfigurationPlatforms) = preSolution
		Debug|Any CPU = Debug|Any CPU
		Release|Any CPU = Release|Any CPU
	EndGlobalSection
	GlobalSection(ProjectConfigurationPlatforms) = postSolution
		{05228E15-F1D8-4C9B-B530-17CF41955CAC}.Debug|Any CPU.ActiveCfg = Debug|Any CPU
		{05228E15-F1D8-4C9B-B530-17CF41955CAC}.Debug|Any CPU.Build.0 = Debug|Any CPU
		{05228E15-F1D8-4C9B-B530-17CF41955CAC}.Release|Any CPU.ActiveCfg = Release|Any CPU
		{05228E15-F1D8-4C9B-B530-17CF41955CAC}.Release|Any CPU.Build.0 = Release|Any CPU
	EndGlobalSection
	GlobalSection(SolutionProperties) = preSolution
		HideSolutionNode = FALSE
	EndGlobalSection
	GlobalSection(ExtensibilityGlobals) = postSolution
		SolutionGuid = {710024FF-6BAC-427F-A92A-A3A2C6895C03}
	EndGlobalSection
EndGlobal
